
Microsoft Visual Studio Solution File, Format Version 12.00
# Visual Studio Version 17
VisualStudioVersion = 17.11.35327.3
MinimumVisualStudioVersion = 10.0.40219.1
Project("{FAE04EC0-301F-11D3-BF4B-00C04F79EFBC}") = "activities", "activities.csproj", "{768B6843-C93E-4FCB-8E69-22AC96B21715}"
EndProject
Global
	GlobalSection(SolutionConfigurationPlatforms) = preSolution
		Debug|Any CPU = Debug|Any CPU
		Release|Any CPU = Release|Any CPU
	EndGlobalSection
	GlobalSection(ProjectConfigurationPlatforms) = postSolution
		{768B6843-C93E-4FCB-8E69-22AC96B21715}.Debug|Any CPU.ActiveCfg = Debug|Any CPU
		{768B6843-C93E-4FCB-8E69-22AC96B21715}.Debug|Any CPU.Build.0 = Debug|Any CPU
		{768B6843-C93E-4FCB-8E69-22AC96B21715}.Release|Any CPU.ActiveCfg = Release|Any CPU
		{768B6843-C93E-4FCB-8E69-22AC96B21715}.Release|Any CPU.Build.0 = Release|Any CPU
	EndGlobalSection
	GlobalSection(SolutionProperties) = preSolution
		HideSolutionNode = FALSE
	EndGlobalSection
	GlobalSection(ExtensibilityGlobals) = postSolution
		SolutionGuid = {CE11B686-D0C7-4BA8-B526-77BEF0C6890F}
	EndGlobalSection
EndGlobal
