
Microsoft Visual Studio Solution File, Format Version 12.00
# Visual Studio Version 17
VisualStudioVersion = 17.11.35327.3
MinimumVisualStudioVersion = 10.0.40219.1
Project("{FAE04EC0-301F-11D3-BF4B-00C04F79EFBC}") = "Activity_02", "Activity_02.csproj", "{95DAEDF1-7BE1-4B45-A3E2-C2BD70022893}"
EndProject
Global
	GlobalSection(SolutionConfigurationPlatforms) = preSolution
		Debug|Any CPU = Debug|Any CPU
		Release|Any CPU = Release|Any CPU
	EndGlobalSection
	GlobalSection(ProjectConfigurationPlatforms) = postSolution
		{95DAEDF1-7BE1-4B45-A3E2-C2BD70022893}.Debug|Any CPU.ActiveCfg = Debug|Any CPU
		{95DAEDF1-7BE1-4B45-A3E2-C2BD70022893}.Debug|Any CPU.Build.0 = Debug|Any CPU
		{95DAEDF1-7BE1-4B45-A3E2-C2BD70022893}.Release|Any CPU.ActiveCfg = Release|Any CPU
		{95DAEDF1-7BE1-4B45-A3E2-C2BD70022893}.Release|Any CPU.Build.0 = Release|Any CPU
	EndGlobalSection
	GlobalSection(SolutionProperties) = preSolution
		HideSolutionNode = FALSE
	EndGlobalSection
	GlobalSection(ExtensibilityGlobals) = postSolution
		SolutionGuid = {5D98D722-0094-4CE1-AD2D-DD26F3622437}
	EndGlobalSection
EndGlobal
